{
  "name": "bigquery-utils",
  "lockfileVersion": 2,
  "requires": true,
  "packages": {
    "": {
      "name": "bigquery-utils",
      "dependencies": {
        "@dataform/core": "2.8.3"
      }
    },
    "node_modules/@dataform/core": {
      "version": "2.8.3",
      "resolved": "https://registry.npmjs.org/@dataform/core/-/core-2.8.3.tgz",
      "integrity": "sha512-YNWMIJYxhEURICf3+7Oxi4X2ZyNtSd7guGwE9F1gRfqMXuAPFxWGU1IUUEzRPEXDOjThW5bNBm8hLESKRtkLHg=="
    }
  },
  "dependencies": {
    "@dataform/core": {
      "version": "2.8.3",
      "resolved": "https://registry.npmjs.org/@dataform/core/-/core-2.8.3.tgz",
      "integrity": "sha512-YNWMIJYxhEURICf3+7Oxi4X2ZyNtSd7guGwE9F1gRfqMXuAPFxWGU1IUUEzRPEXDOjThW5bNBm8hLESKRtkLHg=="
    }
  }
}
