{
  "version": 4,
  "terraform_version": "1.3.2",
  "serial": 32,
  "lineage": "c9c76e00-2565-271a-5205-ee4803f8888a",
  "outputs": {},
  "resources": [
    {
      "mode": "data",
      "type": "archive_file",
      "name": "bq_backup_create_snapshots",
      "provider": "provider[\"registry.terraform.io/hashicorp/archive\"]",
      "instances": [
        {
          "schema_version": 0,
          "attributes": {
            "excludes": null,
            "id": "d80f8766d87848cb17daa8c2808fcb68f8009922",
            "output_base64sha256": "ZN/MsD5LLujTg/o3Di1iRY3sKi1fK84FMiv2/3pjyvo=",
            "output_file_mode": null,
            "output_md5": "65f3ed7329363e87329ef7382c413811",
            "output_path": "/tmp/bq_backup_create_snapshots.zip",
            "output_sha": "d80f8766d87848cb17daa8c2808fcb68f8009922",
            "output_size": 1748,
            "source": [],
            "source_content": null,
            "source_content_filename": null,
            "source_dir": "../bq_backup_create_snapshots",
            "source_file": null,
            "type": "zip"
          },
          "sensitive_attributes": []
        }
      ]
    },
    {
      "mode": "data",
      "type": "archive_file",
      "name": "bq_backup_fetch_tables_names",
      "provider": "provider[\"registry.terraform.io/hashicorp/archive\"]",
      "instances": [
        {
          "schema_version": 0,
          "attributes": {
            "excludes": null,
            "id": "9d7ec3ce3d5f1500a1f94e999ec5c162c177c71f",
            "output_base64sha256": "KDua4hfejNuuunjKaQwtG6TVpCdjFSjfO30ipMxGa1k=",
            "output_file_mode": null,
            "output_md5": "d9e30eadcd4ec28e7ee24a198081a64e",
            "output_path": "/tmp/bq_backup_fetch_tables_names.zip",
            "output_sha": "9d7ec3ce3d5f1500a1f94e999ec5c162c177c71f",
            "output_size": 1603,
            "source": [],
            "source_content": null,
            "source_content_filename": null,
            "source_dir": "../bq_backup_fetch_tables_names",
            "source_file": null,
            "type": "zip"
          },
          "sensitive_attributes": []
        }
      ]
    },
    {
      "mode": "managed",
      "type": "google_bigquery_dataset",
      "name": "dataset",
      "provider": "provider[\"registry.terraform.io/hashicorp/google\"]",
      "instances": [
        {
          "schema_version": 0,
          "attributes": {
            "access": [
              {
                "dataset": [],
                "domain": "",
                "group_by_email": "",
                "role": "OWNER",
                "special_group": "",
                "user_by_email": "whaite@google.com",
                "view": []
              },
              {
                "dataset": [],
                "domain": "",
                "group_by_email": "",
                "role": "OWNER",
                "special_group": "projectOwners",
                "user_by_email": "",
                "view": []
              },
              {
                "dataset": [],
                "domain": "",
                "group_by_email": "",
                "role": "READER",
                "special_group": "projectReaders",
                "user_by_email": "",
                "view": []
              },
              {
                "dataset": [],
                "domain": "",
                "group_by_email": "",
                "role": "WRITER",
                "special_group": "projectWriters",
                "user_by_email": "",
                "view": []
              }
            ],
            "creation_time": 1665783355157,
            "dataset_id": "SNAPSHOT_DATASET_1",
            "default_encryption_configuration": [],
            "default_partition_expiration_ms": 0,
            "default_table_expiration_ms": 0,
            "delete_contents_on_destroy": false,
            "description": "",
            "etag": "SGHkl+LGl0JZRbC6pnX0Og==",
            "friendly_name": "",
            "id": "projects/pso-dev-whaite/datasets/SNAPSHOT_DATASET_1",
            "labels": null,
            "last_modified_time": 1665783355157,
            "location": "US",
            "project": "pso-dev-whaite",
            "self_link": "https://bigquery.googleapis.com/bigquery/v2/projects/pso-dev-whaite/datasets/SNAPSHOT_DATASET_1",
            "timeouts": null
          },
          "sensitive_attributes": [],
          "private": "eyJlMmJmYjczMC1lY2FhLTExZTYtOGY4OC0zNDM2M2JjN2M0YzAiOnsiY3JlYXRlIjoxMjAwMDAwMDAwMDAwLCJkZWxldGUiOjEyMDAwMDAwMDAwMDAsInVwZGF0ZSI6MTIwMDAwMDAwMDAwMH19"
        }
      ]
    },
    {
      "mode": "managed",
      "type": "google_cloud_scheduler_job",
      "name": "job",
      "provider": "provider[\"registry.terraform.io/hashicorp/google\"]",
      "instances": [
        {
          "schema_version": 0,
          "attributes": {
            "app_engine_http_target": [],
            "attempt_deadline": "",
            "description": "",
            "http_target": [],
            "id": "projects/pso-dev-whaite/locations/us-central1/jobs/bq-snap-start-process",
            "name": "bq-snap-start-process",
            "paused": false,
            "project": "pso-dev-whaite",
            "pubsub_target": [
              {
                "attributes": null,
                "data": "eyJzb3VyY2VfZGF0YXNldF9uYW1lIjoiREFUQVNFVF8xIiwidGFyZ2V0X2RhdGFzZXRfbmFtZSI6IlNOQVBTSE9UX0RBVEFTRVRfMSIsImNyb250YWJfZm9ybWF0IjoiMCAwIDEgKiAqIiwic2Vjb25kc19iZWZvcmVfZXhwaXJhdGlvbiI6NjA0ODAwLCJ0YWJsZXNfdG9faW5jbHVkZV9saXN0IjpbXSwidGFibGVzX3RvX2V4Y2x1ZGVfbGlzdCI6W119",
                "topic_name": "projects/pso-dev-whaite/topics/snapshot_dataset_topic"
              }
            ],
            "region": "us-central1",
            "retry_config": [],
            "schedule": "0 0 1 * *",
            "state": "ENABLED",
            "time_zone": "Etc/UTC",
            "timeouts": null
          },
          "sensitive_attributes": [],
          "private": "eyJlMmJmYjczMC1lY2FhLTExZTYtOGY4OC0zNDM2M2JjN2M0YzAiOnsiY3JlYXRlIjoxMjAwMDAwMDAwMDAwLCJkZWxldGUiOjEyMDAwMDAwMDAwMDAsInVwZGF0ZSI6MTIwMDAwMDAwMDAwMH19",
          "dependencies": [
            "google_pubsub_topic.snapshot_dataset_topic"
          ]
        }
      ]
    },
    {
      "mode": "managed",
      "type": "google_cloudfunctions_function",
      "name": "bq_backup_create_snapshots",
      "provider": "provider[\"registry.terraform.io/hashicorp/google\"]",
      "instances": [
        {
          "schema_version": 0,
          "attributes": {
            "available_memory_mb": 128,
            "build_environment_variables": null,
            "build_worker_pool": "",
            "description": "",
            "docker_registry": "CONTAINER_REGISTRY",
            "docker_repository": "",
            "entry_point": "main",
            "environment_variables": {
              "BQ_JOBS_PROJECT_ID": "pso-dev-whaite",
              "DATA_PROJECT_ID": "pso-dev-whaite"
            },
            "event_trigger": [
              {
                "event_type": "providers/cloud.pubsub/eventTypes/topic.publish",
                "failure_policy": [
                  {
                    "retry": false
                  }
                ],
                "resource": "projects/pso-dev-whaite/topics/bq_snapshot_create_snapshot_topic"
              }
            ],
            "https_trigger_security_level": null,
            "https_trigger_url": null,
            "id": "projects/pso-dev-whaite/locations/us-central1/functions/bq_backup_create_snapshots",
            "ingress_settings": "ALLOW_ALL",
            "kms_key_name": "",
            "labels": null,
            "max_instances": 100,
            "min_instances": 0,
            "name": "bq_backup_create_snapshots",
            "project": "pso-dev-whaite",
            "region": "us-central1",
            "runtime": "python39",
            "secret_environment_variables": [],
            "secret_volumes": [],
            "service_account_email": "pso-dev-whaite@appspot.gserviceaccount.com",
            "source_archive_bucket": "488734b44be6be88-gcf-source",
            "source_archive_object": "bq_backup_create_snapshots.zip",
            "source_repository": [],
            "timeout": 60,
            "timeouts": null,
            "trigger_http": null,
            "vpc_connector": "",
            "vpc_connector_egress_settings": ""
          },
          "sensitive_attributes": [],
          "private": "eyJlMmJmYjczMC1lY2FhLTExZTYtOGY4OC0zNDM2M2JjN2M0YzAiOnsiY3JlYXRlIjozMDAwMDAwMDAwMDAsImRlbGV0ZSI6MzAwMDAwMDAwMDAwLCJyZWFkIjozMDAwMDAwMDAwMDAsInVwZGF0ZSI6MzAwMDAwMDAwMDAwfX0=",
          "dependencies": [
            "data.archive_file.bq_backup_create_snapshots",
            "google_pubsub_topic.bq_snapshot_create_snapshot_topic",
            "google_storage_bucket.bucket",
            "google_storage_bucket_object.bq_backup_create_snapshots",
            "random_id.bucket_prefix"
          ]
        }
      ]
    },
    {
      "mode": "managed",
      "type": "google_cloudfunctions_function",
      "name": "bq_backup_fetch_tables_names",
      "provider": "provider[\"registry.terraform.io/hashicorp/google\"]",
      "instances": [
        {
          "schema_version": 0,
          "attributes": {
            "available_memory_mb": 128,
            "build_environment_variables": null,
            "build_worker_pool": "",
            "description": "",
            "docker_registry": "CONTAINER_REGISTRY",
            "docker_repository": "",
            "entry_point": "main",
            "environment_variables": {
              "DATA_PROJECT_ID": "pso-dev-whaite",
              "PUBSUB_PROJECT_ID": "pso-dev-whaite",
              "TABLE_NAME_PUBSUB_TOPIC_ID": "projects/pso-dev-whaite/topics/bq_snapshot_create_snapshot_topic"
            },
            "event_trigger": [
              {
                "event_type": "providers/cloud.pubsub/eventTypes/topic.publish",
                "failure_policy": [
                  {
                    "retry": false
                  }
                ],
                "resource": "projects/pso-dev-whaite/topics/snapshot_dataset_topic"
              }
            ],
            "https_trigger_security_level": null,
            "https_trigger_url": null,
            "id": "projects/pso-dev-whaite/locations/us-central1/functions/bq_backup_fetch_tables_names",
            "ingress_settings": "ALLOW_ALL",
            "kms_key_name": "",
            "labels": null,
            "max_instances": 0,
            "min_instances": 0,
            "name": "bq_backup_fetch_tables_names",
            "project": "pso-dev-whaite",
            "region": "us-central1",
            "runtime": "python39",
            "secret_environment_variables": [],
            "secret_volumes": [],
            "service_account_email": "pso-dev-whaite@appspot.gserviceaccount.com",
            "source_archive_bucket": "488734b44be6be88-gcf-source",
            "source_archive_object": "bq_backup_fetch_tables_names.zip",
            "source_repository": [],
            "timeout": 60,
            "timeouts": null,
            "trigger_http": null,
            "vpc_connector": "",
            "vpc_connector_egress_settings": ""
          },
          "sensitive_attributes": [],
          "private": "eyJlMmJmYjczMC1lY2FhLTExZTYtOGY4OC0zNDM2M2JjN2M0YzAiOnsiY3JlYXRlIjozMDAwMDAwMDAwMDAsImRlbGV0ZSI6MzAwMDAwMDAwMDAwLCJyZWFkIjozMDAwMDAwMDAwMDAsInVwZGF0ZSI6MzAwMDAwMDAwMDAwfX0=",
          "dependencies": [
            "data.archive_file.bq_backup_fetch_tables_names",
            "google_pubsub_topic.bq_snapshot_create_snapshot_topic",
            "google_pubsub_topic.snapshot_dataset_topic",
            "google_storage_bucket.bucket",
            "google_storage_bucket_object.bq_backup_fetch_tables_names",
            "random_id.bucket_prefix"
          ]
        }
      ]
    },
    {
      "mode": "managed",
      "type": "google_pubsub_topic",
      "name": "bq_snapshot_create_snapshot_topic",
      "provider": "provider[\"registry.terraform.io/hashicorp/google\"]",
      "instances": [
        {
          "schema_version": 0,
          "attributes": {
            "id": "projects/pso-dev-whaite/topics/bq_snapshot_create_snapshot_topic",
            "kms_key_name": "",
            "labels": null,
            "message_retention_duration": "",
            "message_storage_policy": [
              {
                "allowed_persistence_regions": [
                  "asia-east1",
                  "asia-northeast1",
                  "asia-southeast1",
                  "australia-southeast1",
                  "europe-north1",
                  "europe-west1",
                  "europe-west2",
                  "europe-west3",
                  "europe-west4",
                  "southamerica-west1",
                  "us-central1",
                  "us-central2",
                  "us-east1",
                  "us-east4",
                  "us-east5",
                  "us-east7",
                  "us-south1",
                  "us-west1",
                  "us-west2",
                  "us-west3",
                  "us-west4"
                ]
              }
            ],
            "name": "bq_snapshot_create_snapshot_topic",
            "project": "pso-dev-whaite",
            "schema_settings": [],
            "timeouts": null
          },
          "sensitive_attributes": [],
          "private": "eyJlMmJmYjczMC1lY2FhLTExZTYtOGY4OC0zNDM2M2JjN2M0YzAiOnsiY3JlYXRlIjoxMjAwMDAwMDAwMDAwLCJkZWxldGUiOjEyMDAwMDAwMDAwMDAsInVwZGF0ZSI6MTIwMDAwMDAwMDAwMH19"
        }
      ]
    },
    {
      "mode": "managed",
      "type": "google_pubsub_topic",
      "name": "snapshot_dataset_topic",
      "provider": "provider[\"registry.terraform.io/hashicorp/google\"]",
      "instances": [
        {
          "schema_version": 0,
          "attributes": {
            "id": "projects/pso-dev-whaite/topics/snapshot_dataset_topic",
            "kms_key_name": "",
            "labels": null,
            "message_retention_duration": "",
            "message_storage_policy": [
              {
                "allowed_persistence_regions": [
                  "asia-east1",
                  "asia-northeast1",
                  "asia-southeast1",
                  "australia-southeast1",
                  "europe-north1",
                  "europe-west1",
                  "europe-west2",
                  "europe-west3",
                  "europe-west4",
                  "southamerica-west1",
                  "us-central1",
                  "us-central2",
                  "us-east1",
                  "us-east4",
                  "us-east5",
                  "us-east7",
                  "us-south1",
                  "us-west1",
                  "us-west2",
                  "us-west3",
                  "us-west4"
                ]
              }
            ],
            "name": "snapshot_dataset_topic",
            "project": "pso-dev-whaite",
            "schema_settings": [],
            "timeouts": null
          },
          "sensitive_attributes": [],
          "private": "eyJlMmJmYjczMC1lY2FhLTExZTYtOGY4OC0zNDM2M2JjN2M0YzAiOnsiY3JlYXRlIjoxMjAwMDAwMDAwMDAwLCJkZWxldGUiOjEyMDAwMDAwMDAwMDAsInVwZGF0ZSI6MTIwMDAwMDAwMDAwMH19"
        }
      ]
    },
    {
      "mode": "managed",
      "type": "google_storage_bucket",
      "name": "bucket",
      "provider": "provider[\"registry.terraform.io/hashicorp/google\"]",
      "instances": [
        {
          "schema_version": 0,
          "attributes": {
            "cors": [],
            "custom_placement_config": [],
            "default_event_based_hold": false,
            "encryption": [],
            "force_destroy": false,
            "id": "488734b44be6be88-gcf-source",
            "labels": {},
            "lifecycle_rule": [],
            "location": "US",
            "logging": [],
            "name": "488734b44be6be88-gcf-source",
            "project": "pso-dev-whaite",
            "requester_pays": false,
            "retention_policy": [],
            "self_link": "https://www.googleapis.com/storage/v1/b/488734b44be6be88-gcf-source",
            "storage_class": "STANDARD",
            "timeouts": null,
            "uniform_bucket_level_access": true,
            "url": "gs://488734b44be6be88-gcf-source",
            "versioning": [],
            "website": []
          },
          "sensitive_attributes": [],
          "private": "eyJlMmJmYjczMC1lY2FhLTExZTYtOGY4OC0zNDM2M2JjN2M0YzAiOnsiY3JlYXRlIjoyNDAwMDAwMDAwMDAsInJlYWQiOjI0MDAwMDAwMDAwMCwidXBkYXRlIjoyNDAwMDAwMDAwMDB9fQ==",
          "dependencies": [
            "random_id.bucket_prefix"
          ]
        }
      ]
    },
    {
      "mode": "managed",
      "type": "google_storage_bucket_object",
      "name": "bq_backup_create_snapshots",
      "provider": "provider[\"registry.terraform.io/hashicorp/google\"]",
      "instances": [
        {
          "schema_version": 0,
          "attributes": {
            "bucket": "488734b44be6be88-gcf-source",
            "cache_control": "",
            "content": null,
            "content_disposition": "",
            "content_encoding": "",
            "content_language": "",
            "content_type": "application/zip",
            "crc32c": "8WzVwA==",
            "customer_encryption": [],
            "detect_md5hash": "ZfPtcyk2Pocynvc4LEE4EQ==",
            "event_based_hold": false,
            "id": "488734b44be6be88-gcf-source-bq_backup_create_snapshots.zip",
            "kms_key_name": "",
            "md5hash": "ZfPtcyk2Pocynvc4LEE4EQ==",
            "media_link": "https://storage.googleapis.com/download/storage/v1/b/488734b44be6be88-gcf-source/o/bq_backup_create_snapshots.zip?generation=1665782117360682\u0026alt=media",
            "metadata": {},
            "name": "bq_backup_create_snapshots.zip",
            "output_name": "bq_backup_create_snapshots.zip",
            "self_link": "https://www.googleapis.com/storage/v1/b/488734b44be6be88-gcf-source/o/bq_backup_create_snapshots.zip",
            "source": "/tmp/bq_backup_create_snapshots.zip",
            "storage_class": "STANDARD",
            "temporary_hold": false,
            "timeouts": null
          },
          "sensitive_attributes": [],
          "private": "eyJlMmJmYjczMC1lY2FhLTExZTYtOGY4OC0zNDM2M2JjN2M0YzAiOnsiY3JlYXRlIjoyNDAwMDAwMDAwMDAsImRlbGV0ZSI6MjQwMDAwMDAwMDAwLCJ1cGRhdGUiOjI0MDAwMDAwMDAwMH19",
          "dependencies": [
            "data.archive_file.bq_backup_create_snapshots",
            "google_storage_bucket.bucket",
            "random_id.bucket_prefix"
          ]
        }
      ]
    },
    {
      "mode": "managed",
      "type": "google_storage_bucket_object",
      "name": "bq_backup_fetch_tables_names",
      "provider": "provider[\"registry.terraform.io/hashicorp/google\"]",
      "instances": [
        {
          "schema_version": 0,
          "attributes": {
            "bucket": "488734b44be6be88-gcf-source",
            "cache_control": "",
            "content": null,
            "content_disposition": "",
            "content_encoding": "",
            "content_language": "",
            "content_type": "application/zip",
            "crc32c": "vgZw2A==",
            "customer_encryption": [],
            "detect_md5hash": "2eMOrc1Owo5+4koZgIGmTg==",
            "event_based_hold": false,
            "id": "488734b44be6be88-gcf-source-bq_backup_fetch_tables_names.zip",
            "kms_key_name": "",
            "md5hash": "2eMOrc1Owo5+4koZgIGmTg==",
            "media_link": "https://storage.googleapis.com/download/storage/v1/b/488734b44be6be88-gcf-source/o/bq_backup_fetch_tables_names.zip?generation=1665782117348098\u0026alt=media",
            "metadata": {},
            "name": "bq_backup_fetch_tables_names.zip",
            "output_name": "bq_backup_fetch_tables_names.zip",
            "self_link": "https://www.googleapis.com/storage/v1/b/488734b44be6be88-gcf-source/o/bq_backup_fetch_tables_names.zip",
            "source": "/tmp/bq_backup_fetch_tables_names.zip",
            "storage_class": "STANDARD",
            "temporary_hold": false,
            "timeouts": null
          },
          "sensitive_attributes": [],
          "private": "eyJlMmJmYjczMC1lY2FhLTExZTYtOGY4OC0zNDM2M2JjN2M0YzAiOnsiY3JlYXRlIjoyNDAwMDAwMDAwMDAsImRlbGV0ZSI6MjQwMDAwMDAwMDAwLCJ1cGRhdGUiOjI0MDAwMDAwMDAwMH19",
          "dependencies": [
            "data.archive_file.bq_backup_fetch_tables_names",
            "google_storage_bucket.bucket",
            "random_id.bucket_prefix"
          ]
        }
      ]
    },
    {
      "mode": "managed",
      "type": "random_id",
      "name": "bucket_prefix",
      "provider": "provider[\"registry.terraform.io/hashicorp/random\"]",
      "instances": [
        {
          "schema_version": 0,
          "attributes": {
            "b64_std": "SIc0tEvmvog=",
            "b64_url": "SIc0tEvmvog",
            "byte_length": 8,
            "dec": "5226203841558920840",
            "hex": "488734b44be6be88",
            "id": "SIc0tEvmvog",
            "keepers": null,
            "prefix": null
          },
          "sensitive_attributes": []
        }
      ]
    }
  ],
  "check_results": []
}
